
Microsoft Visual Studio Solution File, Format Version 12.00
# Visual Studio Version 17
VisualStudioVersion = 17.8.34330.188
MinimumVisualStudioVersion = 10.0.40219.1
Project("{FAE04EC0-301F-11D3-BF4B-00C04F79EFBC}") = "demo", "demo.csproj", "{385903D4-B7C4-430E-AD62-D40145E8861D}"
EndProject
Global
	GlobalSection(SolutionConfigurationPlatforms) = preSolution
		Debug|Any CPU = Debug|Any CPU
		Release|Any CPU = Release|Any CPU
	EndGlobalSection
	GlobalSection(ProjectConfigurationPlatforms) = postSolution
		{385903D4-B7C4-430E-AD62-D40145E8861D}.Debug|Any CPU.ActiveCfg = Debug|Any CPU
		{385903D4-B7C4-430E-AD62-D40145E8861D}.Debug|Any CPU.Build.0 = Debug|Any CPU
		{385903D4-B7C4-430E-AD62-D40145E8861D}.Release|Any CPU.ActiveCfg = Release|Any CPU
		{385903D4-B7C4-430E-AD62-D40145E8861D}.Release|Any CPU.Build.0 = Release|Any CPU
	EndGlobalSection
	GlobalSection(SolutionProperties) = preSolution
		HideSolutionNode = FALSE
	EndGlobalSection
	GlobalSection(ExtensibilityGlobals) = postSolution
		SolutionGuid = {F92C8864-F900-41B5-A644-6976E5B8A47B}
	EndGlobalSection
EndGlobal
